{
  "name": "EDAT",
  "lockfileVersion": 3,
  "requires": true,
  "packages": {
    "": {
      "dependencies": {
        "@vercel/edge-config": "^1.4.3"
      }
    },
    "node_modules/@vercel/edge-config": {
      "version": "1.4.3",
      "resolved": "https://registry.npmjs.org/@vercel/edge-config/-/edge-config-1.4.3.tgz",
      "integrity": "sha512-8vTDATodRrH49wMzKEjZ8/5H2qs1aPkD0uRK585f/Fx4YN2wfHfY/3td9OFrh+gdnCq07z8A5f0hoY6xhBcPkg==",
      "license": "Apache-2.0",
      "dependencies": {
        "@vercel/edge-config-fs": "0.1.0"
      },
      "engines": {
        "node": ">=14.6"
      },
      "peerDependencies": {
        "@opentelemetry/api": "^1.7.0",
        "next": ">=1"
      },
      "peerDependenciesMeta": {
        "@opentelemetry/api": {
          "optional": true
        },
        "next": {
          "optional": true
        }
      }
    },
    "node_modules/@vercel/edge-config-fs": {
      "version": "0.1.0",
      "resolved": "https://registry.npmjs.org/@vercel/edge-config-fs/-/edge-config-fs-0.1.0.tgz",
      "integrity": "sha512-NRIBwfcS0bUoUbRWlNGetqjvLSwgYH/BqKqDN7vK1g32p7dN96k0712COgaz6VFizAm9b0g6IG6hR6+hc0KCPg==",
      "license": "Apache-2.0"
    }
  }
}